// !$*UTF8*$!
{
	archiveVersion = 1;
	classes = {
	};
	objectVersion = 56;
	objects = {

/* Begin PBXBuildFile section */
		3727DB202A1D15F3007F965A /* AppDelegate.swift in Sources */ = {isa = PBXBuildFile; fileRef = 3727DB1F2A1D15F3007F965A /* AppDelegate.swift */; };
		3727DB222A1D15F3007F965A /* SceneDelegate.swift in Sources */ = {isa = PBXBuildFile; fileRef = 3727DB212A1D15F3007F965A /* SceneDelegate.swift */; };
		3727DB242A1D15F3007F965A /* ConversationVC.swift in Sources */ = {isa = PBXBuildFile; fileRef = 3727DB232A1D15F3007F965A /* ConversationVC.swift */; };
		3727DB292A1D15F4007F965A /* Assets.xcassets in Resources */ = {isa = PBXBuildFile; fileRef = 3727DB282A1D15F4007F965A /* Assets.xcassets */; };
		3727DB2C2A1D15F4007F965A /* LaunchScreen.storyboard in Resources */ = {isa = PBXBuildFile; fileRef = 3727DB2A2A1D15F4007F965A /* LaunchScreen.storyboard */; };
		376DBE3C2A1D19010092D18B /* LoginVC.swift in Sources */ = {isa = PBXBuildFile; fileRef = 376DBE3B2A1D19010092D18B /* LoginVC.swift */; };
		376DBE3E2A1D19100092D18B /* RegisterVC.swift in Sources */ = {isa = PBXBuildFile; fileRef = 376DBE3D2A1D19100092D18B /* RegisterVC.swift */; };
		376DBE402A1D19320092D18B /* PhotoViewerVC.swift in Sources */ = {isa = PBXBuildFile; fileRef = 376DBE3F2A1D19320092D18B /* PhotoViewerVC.swift */; };
		376DBE422A1D19400092D18B /* VideoPlayerVC.swift in Sources */ = {isa = PBXBuildFile; fileRef = 376DBE412A1D19400092D18B /* VideoPlayerVC.swift */; };
		376DBE442A1D19700092D18B /* NewConversationVC.swift in Sources */ = {isa = PBXBuildFile; fileRef = 376DBE432A1D19700092D18B /* NewConversationVC.swift */; };
		376DBE462A1D19890092D18B /* ProfileVC.swift in Sources */ = {isa = PBXBuildFile; fileRef = 376DBE452A1D19890092D18B /* ProfileVC.swift */; };
/* End PBXBuildFile section */

/* Begin PBXFileReference section */
		3727DB1C2A1D15F3007F965A /* ChatAppMessengerUIKit.app */ = {isa = PBXFileReference; explicitFileType = wrapper.application; includeInIndex = 0; path = ChatAppMessengerUIKit.app; sourceTree = BUILT_PRODUCTS_DIR; };
		3727DB1F2A1D15F3007F965A /* AppDelegate.swift */ = {isa = PBXFileReference; lastKnownFileType = sourcecode.swift; path = AppDelegate.swift; sourceTree = "<group>"; };
		3727DB212A1D15F3007F965A /* SceneDelegate.swift */ = {isa = PBXFileReference; lastKnownFileType = sourcecode.swift; path = SceneDelegate.swift; sourceTree = "<group>"; };
		3727DB232A1D15F3007F965A /* ConversationVC.swift */ = {isa = PBXFileReference; lastKnownFileType = sourcecode.swift; path = ConversationVC.swift; sourceTree = "<group>"; };
		3727DB282A1D15F4007F965A /* Assets.xcassets */ = {isa = PBXFileReference; lastKnownFileType = folder.assetcatalog; path = Assets.xcassets; sourceTree = "<group>"; };
		3727DB2B2A1D15F4007F965A /* Base */ = {isa = PBXFileReference; lastKnownFileType = file.storyboard; name = Base; path = Base.lproj/LaunchScreen.storyboard; sourceTree = "<group>"; };
		3727DB2D2A1D15F4007F965A /* Info.plist */ = {isa = PBXFileReference; lastKnownFileType = text.plist.xml; path = Info.plist; sourceTree = "<group>"; };
		376DBE3B2A1D19010092D18B /* LoginVC.swift */ = {isa = PBXFileReference; lastKnownFileType = sourcecode.swift; path = LoginVC.swift; sourceTree = "<group>"; };
		376DBE3D2A1D19100092D18B /* RegisterVC.swift */ = {isa = PBXFileReference; lastKnownFileType = sourcecode.swift; path = RegisterVC.swift; sourceTree = "<group>"; };
		376DBE3F2A1D19320092D18B /* PhotoViewerVC.swift */ = {isa = PBXFileReference; lastKnownFileType = sourcecode.swift; path = PhotoViewerVC.swift; sourceTree = "<group>"; };
		376DBE412A1D19400092D18B /* VideoPlayerVC.swift */ = {isa = PBXFileReference; lastKnownFileType = sourcecode.swift; path = VideoPlayerVC.swift; sourceTree = "<group>"; };
		376DBE432A1D19700092D18B /* NewConversationVC.swift */ = {isa = PBXFileReference; lastKnownFileType = sourcecode.swift; path = NewConversationVC.swift; sourceTree = "<group>"; };
		376DBE452A1D19890092D18B /* ProfileVC.swift */ = {isa = PBXFileReference; lastKnownFileType = sourcecode.swift; path = ProfileVC.swift; sourceTree = "<group>"; };
/* End PBXFileReference section */

/* Begin PBXFrameworksBuildPhase section */
		3727DB192A1D15F3007F965A /* Frameworks */ = {
			isa = PBXFrameworksBuildPhase;
			buildActionMask = 2147483647;
			files = (
			);
			runOnlyForDeploymentPostprocessing = 0;
		};
/* End PBXFrameworksBuildPhase section */

/* Begin PBXGroup section */
		3727DB132A1D15F3007F965A = {
			isa = PBXGroup;
			children = (
				3727DB1E2A1D15F3007F965A /* ChatAppMessengerUIKit */,
				3727DB1D2A1D15F3007F965A /* Products */,
			);
			sourceTree = "<group>";
		};
		3727DB1D2A1D15F3007F965A /* Products */ = {
			isa = PBXGroup;
			children = (
				3727DB1C2A1D15F3007F965A /* ChatAppMessengerUIKit.app */,
			);
			name = Products;
			sourceTree = "<group>";
		};
		3727DB1E2A1D15F3007F965A /* ChatAppMessengerUIKit */ = {
			isa = PBXGroup;
			children = (
				3727DB332A1D1635007F965A /* Ressources */,
				3727DB352A1D1713007F965A /* Models */,
				3727DB362A1D171B007F965A /* Views */,
				3727DB372A1D1723007F965A /* ViewModels */,
				3727DB342A1D1642007F965A /* Controllers */,
				3727DB2D2A1D15F4007F965A /* Info.plist */,
			);
			path = ChatAppMessengerUIKit;
			sourceTree = "<group>";
		};
		3727DB332A1D1635007F965A /* Ressources */ = {
			isa = PBXGroup;
			children = (
				3727DB1F2A1D15F3007F965A /* AppDelegate.swift */,
				3727DB212A1D15F3007F965A /* SceneDelegate.swift */,
				3727DB282A1D15F4007F965A /* Assets.xcassets */,
				3727DB2A2A1D15F4007F965A /* LaunchScreen.storyboard */,
			);
			path = Ressources;
			sourceTree = "<group>";
		};
		3727DB342A1D1642007F965A /* Controllers */ = {
			isa = PBXGroup;
			children = (
				3727DB232A1D15F3007F965A /* ConversationVC.swift */,
				376DBE3B2A1D19010092D18B /* LoginVC.swift */,
				376DBE3D2A1D19100092D18B /* RegisterVC.swift */,
				376DBE3F2A1D19320092D18B /* PhotoViewerVC.swift */,
				376DBE412A1D19400092D18B /* VideoPlayerVC.swift */,
				376DBE432A1D19700092D18B /* NewConversationVC.swift */,
				376DBE452A1D19890092D18B /* ProfileVC.swift */,
			);
			path = Controllers;
			sourceTree = "<group>";
		};
		3727DB352A1D1713007F965A /* Models */ = {
			isa = PBXGroup;
			children = (
			);
			path = Models;
			sourceTree = "<group>";
		};
		3727DB362A1D171B007F965A /* Views */ = {
			isa = PBXGroup;
			children = (
			);
			path = Views;
			sourceTree = "<group>";
		};
		3727DB372A1D1723007F965A /* ViewModels */ = {
			isa = PBXGroup;
			children = (
			);
			path = ViewModels;
			sourceTree = "<group>";
		};
/* End PBXGroup section */

/* Begin PBXNativeTarget section */
		3727DB1B2A1D15F3007F965A /* ChatAppMessengerUIKit */ = {
			isa = PBXNativeTarget;
			buildConfigurationList = 3727DB302A1D15F4007F965A /* Build configuration list for PBXNativeTarget "ChatAppMessengerUIKit" */;
			buildPhases = (
				3727DB182A1D15F3007F965A /* Sources */,
				3727DB192A1D15F3007F965A /* Frameworks */,
				3727DB1A2A1D15F3007F965A /* Resources */,
			);
			buildRules = (
			);
			dependencies = (
			);
			name = ChatAppMessengerUIKit;
			productName = ChatAppMessengerUIKit;
			productReference = 3727DB1C2A1D15F3007F965A /* ChatAppMessengerUIKit.app */;
			productType = "com.apple.product-type.application";
		};
/* End PBXNativeTarget section */

/* Begin PBXProject section */
		3727DB142A1D15F3007F965A /* Project object */ = {
			isa = PBXProject;
			attributes = {
				BuildIndependentTargetsInParallel = 1;
				LastSwiftUpdateCheck = 1430;
				LastUpgradeCheck = 1430;
				TargetAttributes = {
					3727DB1B2A1D15F3007F965A = {
						CreatedOnToolsVersion = 14.3;
					};
				};
			};
			buildConfigurationList = 3727DB172A1D15F3007F965A /* Build configuration list for PBXProject "ChatAppMessengerUIKit" */;
			compatibilityVersion = "Xcode 14.0";
			developmentRegion = en;
			hasScannedForEncodings = 0;
			knownRegions = (
				en,
				Base,
			);
			mainGroup = 3727DB132A1D15F3007F965A;
			productRefGroup = 3727DB1D2A1D15F3007F965A /* Products */;
			projectDirPath = "";
			projectRoot = "";
			targets = (
				3727DB1B2A1D15F3007F965A /* ChatAppMessengerUIKit */,
			);
		};
/* End PBXProject section */

/* Begin PBXResourcesBuildPhase section */
		3727DB1A2A1D15F3007F965A /* Resources */ = {
			isa = PBXResourcesBuildPhase;
			buildActionMask = 2147483647;
			files = (
				3727DB2C2A1D15F4007F965A /* LaunchScreen.storyboard in Resources */,
				3727DB292A1D15F4007F965A /* Assets.xcassets in Resources */,
			);
			runOnlyForDeploymentPostprocessing = 0;
		};
/* End PBXResourcesBuildPhase section */

/* Begin PBXSourcesBuildPhase section */
		3727DB182A1D15F3007F965A /* Sources */ = {
			isa = PBXSourcesBuildPhase;
			buildActionMask = 2147483647;
			files = (
				376DBE442A1D19700092D18B /* NewConversationVC.swift in Sources */,
				376DBE422A1D19400092D18B /* VideoPlayerVC.swift in Sources */,
				3727DB242A1D15F3007F965A /* ConversationVC.swift in Sources */,
				376DBE462A1D19890092D18B /* ProfileVC.swift in Sources */,
				3727DB202A1D15F3007F965A /* AppDelegate.swift in Sources */,
				376DBE3C2A1D19010092D18B /* LoginVC.swift in Sources */,
				376DBE402A1D19320092D18B /* PhotoViewerVC.swift in Sources */,
				3727DB222A1D15F3007F965A /* SceneDelegate.swift in Sources */,
				376DBE3E2A1D19100092D18B /* RegisterVC.swift in Sources */,
			);
			runOnlyForDeploymentPostprocessing = 0;
		};
/* End PBXSourcesBuildPhase section */

/* Begin PBXVariantGroup section */
		3727DB2A2A1D15F4007F965A /* LaunchScreen.storyboard */ = {
			isa = PBXVariantGroup;
			children = (
				3727DB2B2A1D15F4007F965A /* Base */,
			);
			name = LaunchScreen.storyboard;
			sourceTree = "<group>";
		};
/* End PBXVariantGroup section */

/* Begin XCBuildConfiguration section */
		3727DB2E2A1D15F4007F965A /* Debug */ = {
			isa = XCBuildConfiguration;
			buildSettings = {
				ALWAYS_SEARCH_USER_PATHS = NO;
				CLANG_ANALYZER_NONNULL = YES;
				CLANG_ANALYZER_NUMBER_OBJECT_CONVERSION = YES_AGGRESSIVE;
				CLANG_CXX_LANGUAGE_STANDARD = "gnu++20";
				CLANG_ENABLE_MODULES = YES;
				CLANG_ENABLE_OBJC_ARC = YES;
				CLANG_ENABLE_OBJC_WEAK = YES;
				CLANG_WARN_BLOCK_CAPTURE_AUTORELEASING = YES;
				CLANG_WARN_BOOL_CONVERSION = YES;
				CLANG_WARN_COMMA = YES;
				CLANG_WARN_CONSTANT_CONVERSION = YES;
				CLANG_WARN_DEPRECATED_OBJC_IMPLEMENTATIONS = YES;
				CLANG_WARN_DIRECT_OBJC_ISA_USAGE = YES_ERROR;
				CLANG_WARN_DOCUMENTATION_COMMENTS = YES;
				CLANG_WARN_EMPTY_BODY = YES;
				CLANG_WARN_ENUM_CONVERSION = YES;
				CLANG_WARN_INFINITE_RECURSION = YES;
				CLANG_WARN_INT_CONVERSION = YES;
				CLANG_WARN_NON_LITERAL_NULL_CONVERSION = YES;
				CLANG_WARN_OBJC_IMPLICIT_RETAIN_SELF = YES;
				CLANG_WARN_OBJC_LITERAL_CONVERSION = YES;
				CLANG_WARN_OBJC_ROOT_CLASS = YES_ERROR;
				CLANG_WARN_QUOTED_INCLUDE_IN_FRAMEWORK_HEADER = YES;
				CLANG_WARN_RANGE_LOOP_ANALYSIS = YES;
				CLANG_WARN_STRICT_PROTOTYPES = YES;
				CLANG_WARN_SUSPICIOUS_MOVE = YES;
				CLANG_WARN_UNGUARDED_AVAILABILITY = YES_AGGRESSIVE;
				CLANG_WARN_UNREACHABLE_CODE = YES;
				CLANG_WARN__DUPLICATE_METHOD_MATCH = YES;
				COPY_PHASE_STRIP = NO;
				DEBUG_INFORMATION_FORMAT = dwarf;
				ENABLE_STRICT_OBJC_MSGSEND = YES;
				ENABLE_TESTABILITY = YES;
				GCC_C_LANGUAGE_STANDARD = gnu11;
				GCC_DYNAMIC_NO_PIC = NO;
				GCC_NO_COMMON_BLOCKS = YES;
				GCC_OPTIMIZATION_LEVEL = 0;
				GCC_PREPROCESSOR_DEFINITIONS = (
					"DEBUG=1",
					"$(inherited)",
				);
				GCC_WARN_64_TO_32_BIT_CONVERSION = YES;
				GCC_WARN_ABOUT_RETURN_TYPE = YES_ERROR;
				GCC_WARN_UNDECLARED_SELECTOR = YES;
				GCC_WARN_UNINITIALIZED_AUTOS = YES_AGGRESSIVE;
				GCC_WARN_UNUSED_FUNCTION = YES;
				GCC_WARN_UNUSED_VARIABLE = YES;
				IPHONEOS_DEPLOYMENT_TARGET = 16.4;
				MTL_ENABLE_DEBUG_INFO = INCLUDE_SOURCE;
				MTL_FAST_MATH = YES;
				ONLY_ACTIVE_ARCH = YES;
				SDKROOT = iphoneos;
				SWIFT_ACTIVE_COMPILATION_CONDITIONS = DEBUG;
				SWIFT_OPTIMIZATION_LEVEL = "-Onone";
			};
			name = Debug;
		};
		3727DB2F2A1D15F4007F965A /* Release */ = {
			isa = XCBuildConfiguration;
			buildSettings = {
				ALWAYS_SEARCH_USER_PATHS = NO;
				CLANG_ANALYZER_NONNULL = YES;
				CLANG_ANALYZER_NUMBER_OBJECT_CONVERSION = YES_AGGRESSIVE;
				CLANG_CXX_LANGUAGE_STANDARD = "gnu++20";
				CLANG_ENABLE_MODULES = YES;
				CLANG_ENABLE_OBJC_ARC = YES;
				CLANG_ENABLE_OBJC_WEAK = YES;
				CLANG_WARN_BLOCK_CAPTURE_AUTORELEASING = YES;
				CLANG_WARN_BOOL_CONVERSION = YES;
				CLANG_WARN_COMMA = YES;
				CLANG_WARN_CONSTANT_CONVERSION = YES;
				CLANG_WARN_DEPRECATED_OBJC_IMPLEMENTATIONS = YES;
				CLANG_WARN_DIRECT_OBJC_ISA_USAGE = YES_ERROR;
				CLANG_WARN_DOCUMENTATION_COMMENTS = YES;
				CLANG_WARN_EMPTY_BODY = YES;
				CLANG_WARN_ENUM_CONVERSION = YES;
				CLANG_WARN_INFINITE_RECURSION = YES;
				CLANG_WARN_INT_CONVERSION = YES;
				CLANG_WARN_NON_LITERAL_NULL_CONVERSION = YES;
				CLANG_WARN_OBJC_IMPLICIT_RETAIN_SELF = YES;
				CLANG_WARN_OBJC_LITERAL_CONVERSION = YES;
				CLANG_WARN_OBJC_ROOT_CLASS = YES_ERROR;
				CLANG_WARN_QUOTED_INCLUDE_IN_FRAMEWORK_HEADER = YES;
				CLANG_WARN_RANGE_LOOP_ANALYSIS = YES;
				CLANG_WARN_STRICT_PROTOTYPES = YES;
				CLANG_WARN_SUSPICIOUS_MOVE = YES;
				CLANG_WARN_UNGUARDED_AVAILABILITY = YES_AGGRESSIVE;
				CLANG_WARN_UNREACHABLE_CODE = YES;
				CLANG_WARN__DUPLICATE_METHOD_MATCH = YES;
				COPY_PHASE_STRIP = NO;
				DEBUG_INFORMATION_FORMAT = "dwarf-with-dsym";
				ENABLE_NS_ASSERTIONS = NO;
				ENABLE_STRICT_OBJC_MSGSEND = YES;
				GCC_C_LANGUAGE_STANDARD = gnu11;
				GCC_NO_COMMON_BLOCKS = YES;
				GCC_WARN_64_TO_32_BIT_CONVERSION = YES;
				GCC_WARN_ABOUT_RETURN_TYPE = YES_ERROR;
				GCC_WARN_UNDECLARED_SELECTOR = YES;
				GCC_WARN_UNINITIALIZED_AUTOS = YES_AGGRESSIVE;
				GCC_WARN_UNUSED_FUNCTION = YES;
				GCC_WARN_UNUSED_VARIABLE = YES;
				IPHONEOS_DEPLOYMENT_TARGET = 16.4;
				MTL_ENABLE_DEBUG_INFO = NO;
				MTL_FAST_MATH = YES;
				SDKROOT = iphoneos;
				SWIFT_COMPILATION_MODE = wholemodule;
				SWIFT_OPTIMIZATION_LEVEL = "-O";
				VALIDATE_PRODUCT = YES;
			};
			name = Release;
		};
		3727DB312A1D15F4007F965A /* Debug */ = {
			isa = XCBuildConfiguration;
			buildSettings = {
				ASSETCATALOG_COMPILER_APPICON_NAME = AppIcon;
				ASSETCATALOG_COMPILER_GLOBAL_ACCENT_COLOR_NAME = AccentColor;
				CODE_SIGN_STYLE = Automatic;
				CURRENT_PROJECT_VERSION = 1;
				DEVELOPMENT_TEAM = R5L72AD597;
				GENERATE_INFOPLIST_FILE = YES;
				INFOPLIST_FILE = ChatAppMessengerUIKit/Info.plist;
				INFOPLIST_KEY_UIApplicationSupportsIndirectInputEvents = YES;
				INFOPLIST_KEY_UILaunchStoryboardName = LaunchScreen;
				INFOPLIST_KEY_UISupportedInterfaceOrientations_iPad = "UIInterfaceOrientationPortrait UIInterfaceOrientationPortraitUpsideDown UIInterfaceOrientationLandscapeLeft UIInterfaceOrientationLandscapeRight";
				INFOPLIST_KEY_UISupportedInterfaceOrientations_iPhone = "UIInterfaceOrientationPortrait UIInterfaceOrientationLandscapeLeft UIInterfaceOrientationLandscapeRight";
				LD_RUNPATH_SEARCH_PATHS = (
					"$(inherited)",
					"@executable_path/Frameworks",
				);
				MARKETING_VERSION = 1.0;
				PRODUCT_BUNDLE_IDENTIFIER = com.oliviergieger.ChatAppMessengerUIKit;
				PRODUCT_NAME = "$(TARGET_NAME)";
				SWIFT_EMIT_LOC_STRINGS = YES;
				SWIFT_VERSION = 5.0;
				TARGETED_DEVICE_FAMILY = "1,2";
			};
			name = Debug;
		};
		3727DB322A1D15F4007F965A /* Release */ = {
			isa = XCBuildConfiguration;
			buildSettings = {
				ASSETCATALOG_COMPILER_APPICON_NAME = AppIcon;
				ASSETCATALOG_COMPILER_GLOBAL_ACCENT_COLOR_NAME = AccentColor;
				CODE_SIGN_STYLE = Automatic;
				CURRENT_PROJECT_VERSION = 1;
				DEVELOPMENT_TEAM = R5L72AD597;
				GENERATE_INFOPLIST_FILE = YES;
				INFOPLIST_FILE = ChatAppMessengerUIKit/Info.plist;
				INFOPLIST_KEY_UIApplicationSupportsIndirectInputEvents = YES;
				INFOPLIST_KEY_UILaunchStoryboardName = LaunchScreen;
				INFOPLIST_KEY_UISupportedInterfaceOrientations_iPad = "UIInterfaceOrientationPortrait UIInterfaceOrientationPortraitUpsideDown UIInterfaceOrientationLandscapeLeft UIInterfaceOrientationLandscapeRight";
				INFOPLIST_KEY_UISupportedInterfaceOrientations_iPhone = "UIInterfaceOrientationPortrait UIInterfaceOrientationLandscapeLeft UIInterfaceOrientationLandscapeRight";
				LD_RUNPATH_SEARCH_PATHS = (
					"$(inherited)",
					"@executable_path/Frameworks",
				);
				MARKETING_VERSION = 1.0;
				PRODUCT_BUNDLE_IDENTIFIER = com.oliviergieger.ChatAppMessengerUIKit;
				PRODUCT_NAME = "$(TARGET_NAME)";
				SWIFT_EMIT_LOC_STRINGS = YES;
				SWIFT_VERSION = 5.0;
				TARGETED_DEVICE_FAMILY = "1,2";
			};
			name = Release;
		};
/* End XCBuildConfiguration section */

/* Begin XCConfigurationList section */
		3727DB172A1D15F3007F965A /* Build configuration list for PBXProject "ChatAppMessengerUIKit" */ = {
			isa = XCConfigurationList;
			buildConfigurations = (
				3727DB2E2A1D15F4007F965A /* Debug */,
				3727DB2F2A1D15F4007F965A /* Release */,
			);
			defaultConfigurationIsVisible = 0;
			defaultConfigurationName = Release;
		};
		3727DB302A1D15F4007F965A /* Build configuration list for PBXNativeTarget "ChatAppMessengerUIKit" */ = {
			isa = XCConfigurationList;
			buildConfigurations = (
				3727DB312A1D15F4007F965A /* Debug */,
				3727DB322A1D15F4007F965A /* Release */,
			);
			defaultConfigurationIsVisible = 0;
			defaultConfigurationName = Release;
		};
/* End XCConfigurationList section */
	};
	rootObject = 3727DB142A1D15F3007F965A /* Project object */;
}
